
Microsoft Visual Studio Solution File, Format Version 12.00
# Visual Studio Version 17
VisualStudioVersion = 17.13.35806.99 d17.13
MinimumVisualStudioVersion = 10.0.40219.1
Project("{FAE04EC0-301F-11D3-BF4B-00C04F79EFBC}") = "Exercicio18", "Exercicio18\Exercicio18.csproj", "{6FC3F487-4384-4856-9359-B7C852388FC9}"
EndProject
Global
	GlobalSection(SolutionConfigurationPlatforms) = preSolution
		Debug|Any CPU = Debug|Any CPU
		Release|Any CPU = Release|Any CPU
	EndGlobalSection
	GlobalSection(ProjectConfigurationPlatforms) = postSolution
		{6FC3F487-4384-4856-9359-B7C852388FC9}.Debug|Any CPU.ActiveCfg = Debug|Any CPU
		{6FC3F487-4384-4856-9359-B7C852388FC9}.Debug|Any CPU.Build.0 = Debug|Any CPU
		{6FC3F487-4384-4856-9359-B7C852388FC9}.Release|Any CPU.ActiveCfg = Release|Any CPU
		{6FC3F487-4384-4856-9359-B7C852388FC9}.Release|Any CPU.Build.0 = Release|Any CPU
	EndGlobalSection
	GlobalSection(SolutionProperties) = preSolution
		HideSolutionNode = FALSE
	EndGlobalSection
	GlobalSection(ExtensibilityGlobals) = postSolution
		SolutionGuid = {1B41009B-A412-43DE-AD9F-476D572FE218}
	EndGlobalSection
EndGlobal
