
Microsoft Visual Studio Solution File, Format Version 12.00
# Visual Studio Version 17
VisualStudioVersion = 17.13.35806.99 d17.13
MinimumVisualStudioVersion = 10.0.40219.1
Project("{FAE04EC0-301F-11D3-BF4B-00C04F79EFBC}") = "Exercicio17", "Exercicio17\Exercicio17.csproj", "{CDDEE682-2043-4158-8015-E3FA601DA138}"
EndProject
Global
	GlobalSection(SolutionConfigurationPlatforms) = preSolution
		Debug|Any CPU = Debug|Any CPU
		Release|Any CPU = Release|Any CPU
	EndGlobalSection
	GlobalSection(ProjectConfigurationPlatforms) = postSolution
		{CDDEE682-2043-4158-8015-E3FA601DA138}.Debug|Any CPU.ActiveCfg = Debug|Any CPU
		{CDDEE682-2043-4158-8015-E3FA601DA138}.Debug|Any CPU.Build.0 = Debug|Any CPU
		{CDDEE682-2043-4158-8015-E3FA601DA138}.Release|Any CPU.ActiveCfg = Release|Any CPU
		{CDDEE682-2043-4158-8015-E3FA601DA138}.Release|Any CPU.Build.0 = Release|Any CPU
	EndGlobalSection
	GlobalSection(SolutionProperties) = preSolution
		HideSolutionNode = FALSE
	EndGlobalSection
	GlobalSection(ExtensibilityGlobals) = postSolution
		SolutionGuid = {4C381F93-DEE6-47E1-8BC8-0E23B8037D86}
	EndGlobalSection
EndGlobal
