
Microsoft Visual Studio Solution File, Format Version 12.00
# Visual Studio Version 17
VisualStudioVersion = 17.13.35806.99 d17.13
MinimumVisualStudioVersion = 10.0.40219.1
Project("{FAE04EC0-301F-11D3-BF4B-00C04F79EFBC}") = "Exercicio11", "Exercicio11\Exercicio11.csproj", "{DB5C119B-B7C9-47D9-95A4-F3F8771A909E}"
EndProject
Global
	GlobalSection(SolutionConfigurationPlatforms) = preSolution
		Debug|Any CPU = Debug|Any CPU
		Release|Any CPU = Release|Any CPU
	EndGlobalSection
	GlobalSection(ProjectConfigurationPlatforms) = postSolution
		{DB5C119B-B7C9-47D9-95A4-F3F8771A909E}.Debug|Any CPU.ActiveCfg = Debug|Any CPU
		{DB5C119B-B7C9-47D9-95A4-F3F8771A909E}.Debug|Any CPU.Build.0 = Debug|Any CPU
		{DB5C119B-B7C9-47D9-95A4-F3F8771A909E}.Release|Any CPU.ActiveCfg = Release|Any CPU
		{DB5C119B-B7C9-47D9-95A4-F3F8771A909E}.Release|Any CPU.Build.0 = Release|Any CPU
	EndGlobalSection
	GlobalSection(SolutionProperties) = preSolution
		HideSolutionNode = FALSE
	EndGlobalSection
	GlobalSection(ExtensibilityGlobals) = postSolution
		SolutionGuid = {CE45CCDD-6273-4578-B35D-FA971C54DA8B}
	EndGlobalSection
EndGlobal
