
Microsoft Visual Studio Solution File, Format Version 12.00
# Visual Studio Version 17
VisualStudioVersion = 17.13.35806.99 d17.13
MinimumVisualStudioVersion = 10.0.40219.1
Project("{FAE04EC0-301F-11D3-BF4B-00C04F79EFBC}") = "Exercicio7", "Exercicio7\Exercicio7.csproj", "{6FB1332F-1654-4BD1-A831-FD51A9A42CF3}"
EndProject
Global
	GlobalSection(SolutionConfigurationPlatforms) = preSolution
		Debug|Any CPU = Debug|Any CPU
		Release|Any CPU = Release|Any CPU
	EndGlobalSection
	GlobalSection(ProjectConfigurationPlatforms) = postSolution
		{6FB1332F-1654-4BD1-A831-FD51A9A42CF3}.Debug|Any CPU.ActiveCfg = Debug|Any CPU
		{6FB1332F-1654-4BD1-A831-FD51A9A42CF3}.Debug|Any CPU.Build.0 = Debug|Any CPU
		{6FB1332F-1654-4BD1-A831-FD51A9A42CF3}.Release|Any CPU.ActiveCfg = Release|Any CPU
		{6FB1332F-1654-4BD1-A831-FD51A9A42CF3}.Release|Any CPU.Build.0 = Release|Any CPU
	EndGlobalSection
	GlobalSection(SolutionProperties) = preSolution
		HideSolutionNode = FALSE
	EndGlobalSection
	GlobalSection(ExtensibilityGlobals) = postSolution
		SolutionGuid = {7FE3F25F-1DE5-4E1A-8F56-663F9CD29ACE}
	EndGlobalSection
EndGlobal
