
Microsoft Visual Studio Solution File, Format Version 12.00
# Visual Studio Version 17
VisualStudioVersion = 17.13.35806.99 d17.13
MinimumVisualStudioVersion = 10.0.40219.1
Project("{FAE04EC0-301F-11D3-BF4B-00C04F79EFBC}") = "Exercicio029", "Exercicio029\Exercicio029.csproj", "{B647600D-9DB9-4A23-AEA2-7A6CE53618E4}"
EndProject
Global
	GlobalSection(SolutionConfigurationPlatforms) = preSolution
		Debug|Any CPU = Debug|Any CPU
		Release|Any CPU = Release|Any CPU
	EndGlobalSection
	GlobalSection(ProjectConfigurationPlatforms) = postSolution
		{B647600D-9DB9-4A23-AEA2-7A6CE53618E4}.Debug|Any CPU.ActiveCfg = Debug|Any CPU
		{B647600D-9DB9-4A23-AEA2-7A6CE53618E4}.Debug|Any CPU.Build.0 = Debug|Any CPU
		{B647600D-9DB9-4A23-AEA2-7A6CE53618E4}.Release|Any CPU.ActiveCfg = Release|Any CPU
		{B647600D-9DB9-4A23-AEA2-7A6CE53618E4}.Release|Any CPU.Build.0 = Release|Any CPU
	EndGlobalSection
	GlobalSection(SolutionProperties) = preSolution
		HideSolutionNode = FALSE
	EndGlobalSection
	GlobalSection(ExtensibilityGlobals) = postSolution
		SolutionGuid = {EA8759EE-0133-4C06-87AD-E2879E708C2D}
	EndGlobalSection
EndGlobal
