
Microsoft Visual Studio Solution File, Format Version 12.00
# Visual Studio Version 17
VisualStudioVersion = 17.13.35806.99 d17.13
MinimumVisualStudioVersion = 10.0.40219.1
Project("{FAE04EC0-301F-11D3-BF4B-00C04F79EFBC}") = "Exercicio021", "Exercicio021\Exercicio021.csproj", "{FBBA2488-3BF8-428D-A102-EBB637E827CA}"
EndProject
Global
	GlobalSection(SolutionConfigurationPlatforms) = preSolution
		Debug|Any CPU = Debug|Any CPU
		Release|Any CPU = Release|Any CPU
	EndGlobalSection
	GlobalSection(ProjectConfigurationPlatforms) = postSolution
		{FBBA2488-3BF8-428D-A102-EBB637E827CA}.Debug|Any CPU.ActiveCfg = Debug|Any CPU
		{FBBA2488-3BF8-428D-A102-EBB637E827CA}.Debug|Any CPU.Build.0 = Debug|Any CPU
		{FBBA2488-3BF8-428D-A102-EBB637E827CA}.Release|Any CPU.ActiveCfg = Release|Any CPU
		{FBBA2488-3BF8-428D-A102-EBB637E827CA}.Release|Any CPU.Build.0 = Release|Any CPU
	EndGlobalSection
	GlobalSection(SolutionProperties) = preSolution
		HideSolutionNode = FALSE
	EndGlobalSection
	GlobalSection(ExtensibilityGlobals) = postSolution
		SolutionGuid = {4ADDBA31-6884-45F8-873F-C3706F47AC73}
	EndGlobalSection
EndGlobal
