
Microsoft Visual Studio Solution File, Format Version 12.00
# Visual Studio Version 17
VisualStudioVersion = 17.13.35806.99 d17.13
MinimumVisualStudioVersion = 10.0.40219.1
Project("{FAE04EC0-301F-11D3-BF4B-00C04F79EFBC}") = "Exercicio031", "Exercicio031\Exercicio031.csproj", "{D2272E98-5101-49A8-BE21-7036E00B7A6F}"
EndProject
Global
	GlobalSection(SolutionConfigurationPlatforms) = preSolution
		Debug|Any CPU = Debug|Any CPU
		Release|Any CPU = Release|Any CPU
	EndGlobalSection
	GlobalSection(ProjectConfigurationPlatforms) = postSolution
		{D2272E98-5101-49A8-BE21-7036E00B7A6F}.Debug|Any CPU.ActiveCfg = Debug|Any CPU
		{D2272E98-5101-49A8-BE21-7036E00B7A6F}.Debug|Any CPU.Build.0 = Debug|Any CPU
		{D2272E98-5101-49A8-BE21-7036E00B7A6F}.Release|Any CPU.ActiveCfg = Release|Any CPU
		{D2272E98-5101-49A8-BE21-7036E00B7A6F}.Release|Any CPU.Build.0 = Release|Any CPU
	EndGlobalSection
	GlobalSection(SolutionProperties) = preSolution
		HideSolutionNode = FALSE
	EndGlobalSection
	GlobalSection(ExtensibilityGlobals) = postSolution
		SolutionGuid = {6179E929-EACD-466F-BB9D-BFDD294CF3D9}
	EndGlobalSection
EndGlobal
