
Microsoft Visual Studio Solution File, Format Version 12.00
# Visual Studio Version 17
VisualStudioVersion = 17.13.35806.99 d17.13
MinimumVisualStudioVersion = 10.0.40219.1
Project("{FAE04EC0-301F-11D3-BF4B-00C04F79EFBC}") = "Exercicio10", "Exercicio10\Exercicio10.csproj", "{C40FF1DA-EA04-4DA4-B476-A911D5916915}"
EndProject
Global
	GlobalSection(SolutionConfigurationPlatforms) = preSolution
		Debug|Any CPU = Debug|Any CPU
		Release|Any CPU = Release|Any CPU
	EndGlobalSection
	GlobalSection(ProjectConfigurationPlatforms) = postSolution
		{C40FF1DA-EA04-4DA4-B476-A911D5916915}.Debug|Any CPU.ActiveCfg = Debug|Any CPU
		{C40FF1DA-EA04-4DA4-B476-A911D5916915}.Debug|Any CPU.Build.0 = Debug|Any CPU
		{C40FF1DA-EA04-4DA4-B476-A911D5916915}.Release|Any CPU.ActiveCfg = Release|Any CPU
		{C40FF1DA-EA04-4DA4-B476-A911D5916915}.Release|Any CPU.Build.0 = Release|Any CPU
	EndGlobalSection
	GlobalSection(SolutionProperties) = preSolution
		HideSolutionNode = FALSE
	EndGlobalSection
	GlobalSection(ExtensibilityGlobals) = postSolution
		SolutionGuid = {A2E9DE0A-A67B-4EB2-B2C3-552477CF2717}
	EndGlobalSection
EndGlobal
