
Microsoft Visual Studio Solution File, Format Version 12.00
# Visual Studio Version 17
VisualStudioVersion = 17.13.35806.99 d17.13
MinimumVisualStudioVersion = 10.0.40219.1
Project("{FAE04EC0-301F-11D3-BF4B-00C04F79EFBC}") = "Exercicio025", "Exercicio025\Exercicio025.csproj", "{A87FE870-09C7-49DC-A41C-534C89064BCB}"
EndProject
Global
	GlobalSection(SolutionConfigurationPlatforms) = preSolution
		Debug|Any CPU = Debug|Any CPU
		Release|Any CPU = Release|Any CPU
	EndGlobalSection
	GlobalSection(ProjectConfigurationPlatforms) = postSolution
		{A87FE870-09C7-49DC-A41C-534C89064BCB}.Debug|Any CPU.ActiveCfg = Debug|Any CPU
		{A87FE870-09C7-49DC-A41C-534C89064BCB}.Debug|Any CPU.Build.0 = Debug|Any CPU
		{A87FE870-09C7-49DC-A41C-534C89064BCB}.Release|Any CPU.ActiveCfg = Release|Any CPU
		{A87FE870-09C7-49DC-A41C-534C89064BCB}.Release|Any CPU.Build.0 = Release|Any CPU
	EndGlobalSection
	GlobalSection(SolutionProperties) = preSolution
		HideSolutionNode = FALSE
	EndGlobalSection
	GlobalSection(ExtensibilityGlobals) = postSolution
		SolutionGuid = {192B016A-0BE8-441E-9031-6DC37AFA1D21}
	EndGlobalSection
EndGlobal
